{
  "originHash" : "9f1e4ec4211205225a9be53f971e143ca4f7b80574f1ff773ebee5bf69ffe8ab",
  "pins" : [
    {
      "identity" : "swift-protobuf",
      "kind" : "remoteSourceControl",
      "location" : "https://github.com/apple/swift-protobuf.git",
      "state" : {
        "revision" : "2547102afd04fe49f1b286090f13ebce07284980",
        "version" : "1.31.1"
      }
    }
  ],
  "version" : 3
}
